
Microsoft Visual Studio Solution File, Format Version 12.00
# Visual Studio Version 16
VisualStudioVersion = 16.0.30523.141
MinimumVisualStudioVersion = 10.0.40219.1
Project("{FAE04EC0-301F-11D3-BF4B-00C04F79EFBC}") = "Ex_1", "Ex_1\Ex_1.csproj", "{5D48CCCD-BF3B-48C7-88FF-80B23D9BB68D}"
EndProject
Project("{FAE04EC0-301F-11D3-BF4B-00C04F79EFBC}") = "Ex_2", "Ex_2\Ex_2.csproj", "{5103AB5F-58EE-4FE2-A037-56D2F9D1D29B}"
EndProject
Global
	GlobalSection(SolutionConfigurationPlatforms) = preSolution
		Debug|Any CPU = Debug|Any CPU
		Release|Any CPU = Release|Any CPU
	EndGlobalSection
	GlobalSection(ProjectConfigurationPlatforms) = postSolution
		{5D48CCCD-BF3B-48C7-88FF-80B23D9BB68D}.Debug|Any CPU.ActiveCfg = Debug|Any CPU
		{5D48CCCD-BF3B-48C7-88FF-80B23D9BB68D}.Debug|Any CPU.Build.0 = Debug|Any CPU
		{5D48CCCD-BF3B-48C7-88FF-80B23D9BB68D}.Release|Any CPU.ActiveCfg = Release|Any CPU
		{5D48CCCD-BF3B-48C7-88FF-80B23D9BB68D}.Release|Any CPU.Build.0 = Release|Any CPU
		{5103AB5F-58EE-4FE2-A037-56D2F9D1D29B}.Debug|Any CPU.ActiveCfg = Debug|Any CPU
		{5103AB5F-58EE-4FE2-A037-56D2F9D1D29B}.Debug|Any CPU.Build.0 = Debug|Any CPU
		{5103AB5F-58EE-4FE2-A037-56D2F9D1D29B}.Release|Any CPU.ActiveCfg = Release|Any CPU
		{5103AB5F-58EE-4FE2-A037-56D2F9D1D29B}.Release|Any CPU.Build.0 = Release|Any CPU
	EndGlobalSection
	GlobalSection(SolutionProperties) = preSolution
		HideSolutionNode = FALSE
	EndGlobalSection
	GlobalSection(ExtensibilityGlobals) = postSolution
		SolutionGuid = {AD7011F9-083F-415A-9E6E-9199DC635A46}
	EndGlobalSection
EndGlobal
